
Microsoft Visual Studio Solution File, Format Version 12.00
# Visual Studio Version 17
VisualStudioVersion = 17.5.002.0
MinimumVisualStudioVersion = 10.0.40219.1
Project("{9A19103F-16F7-4668-BE54-9A1E7A4F7556}") = "Forum", "Forum.csproj", "{0E962595-B264-4FAA-BF2E-51CC0220DC1B}"
EndProject
Global
	GlobalSection(SolutionConfigurationPlatforms) = preSolution
		Debug|Any CPU = Debug|Any CPU
		Release|Any CPU = Release|Any CPU
	EndGlobalSection
	GlobalSection(ProjectConfigurationPlatforms) = postSolution
		{0E962595-B264-4FAA-BF2E-51CC0220DC1B}.Debug|Any CPU.ActiveCfg = Debug|Any CPU
		{0E962595-B264-4FAA-BF2E-51CC0220DC1B}.Debug|Any CPU.Build.0 = Debug|Any CPU
		{0E962595-B264-4FAA-BF2E-51CC0220DC1B}.Release|Any CPU.ActiveCfg = Release|Any CPU
		{0E962595-B264-4FAA-BF2E-51CC0220DC1B}.Release|Any CPU.Build.0 = Release|Any CPU
	EndGlobalSection
	GlobalSection(SolutionProperties) = preSolution
		HideSolutionNode = FALSE
	EndGlobalSection
	GlobalSection(ExtensibilityGlobals) = postSolution
		SolutionGuid = {73787ECA-577C-4D73-A85A-60F27CA5BC33}
	EndGlobalSection
EndGlobal
